
Microsoft Visual Studio Solution File, Format Version 12.00
# Visual Studio Version 16
VisualStudioVersion = 16.0.28803.352
MinimumVisualStudioVersion = 10.0.40219.1
Project("{FAE04EC0-301F-11D3-BF4B-00C04F79EFBC}") = "Fasetto.Word", "Fasetto.Word\Fasetto.Word.csproj", "{886ED2E4-3B4B-4AB4-A44A-8BE544420E07}"
EndProject
Project("{FAE04EC0-301F-11D3-BF4B-00C04F79EFBC}") = "Fasetto.Word.Core", "Fasetto.Word.Core\Fasetto.Word.Core.csproj", "{797AACFC-D45E-4261-ACEF-B36EC76CE1A5}"
EndProject
Global
	GlobalSection(SolutionConfigurationPlatforms) = preSolution
		Debug|Any CPU = Debug|Any CPU
		Release|Any CPU = Release|Any CPU
	EndGlobalSection
	GlobalSection(ProjectConfigurationPlatforms) = postSolution
		{886ED2E4-3B4B-4AB4-A44A-8BE544420E07}.Debug|Any CPU.ActiveCfg = Debug|Any CPU
		{886ED2E4-3B4B-4AB4-A44A-8BE544420E07}.Debug|Any CPU.Build.0 = Debug|Any CPU
		{886ED2E4-3B4B-4AB4-A44A-8BE544420E07}.Release|Any CPU.ActiveCfg = Release|Any CPU
		{886ED2E4-3B4B-4AB4-A44A-8BE544420E07}.Release|Any CPU.Build.0 = Release|Any CPU
		{797AACFC-D45E-4261-ACEF-B36EC76CE1A5}.Debug|Any CPU.ActiveCfg = Debug|Any CPU
		{797AACFC-D45E-4261-ACEF-B36EC76CE1A5}.Debug|Any CPU.Build.0 = Debug|Any CPU
		{797AACFC-D45E-4261-ACEF-B36EC76CE1A5}.Release|Any CPU.ActiveCfg = Release|Any CPU
		{797AACFC-D45E-4261-ACEF-B36EC76CE1A5}.Release|Any CPU.Build.0 = Release|Any CPU
	EndGlobalSection
	GlobalSection(SolutionProperties) = preSolution
		HideSolutionNode = FALSE
	EndGlobalSection
	GlobalSection(ExtensibilityGlobals) = postSolution
		SolutionGuid = {C32D78AA-417B-4DBA-B963-AF14BD9B16BF}
	EndGlobalSection
EndGlobal
